# Generated by pub
# See https://dart.dev/tools/pub/glossary#lockfile
packages:
  _flutterfire_internals:
    dependency: transitive
    description:
      name: _flutterfire_internals
      sha256: "737321f9be522620ed3794937298fb0027a48a402624fa2500f7532f94aea810"
      url: "https://pub.dev"
    source: hosted
    version: "1.3.22"
  args:
    dependency: transitive
    description:
      name: args
      sha256: eef6c46b622e0494a36c5a12d10d77fb4e855501a91c1b9ef9339326e58f0596
      url: "https://pub.dev"
    source: hosted
    version: "2.4.2"
  asn1lib:
    dependency: transitive
    description:
      name: asn1lib
      sha256: c9c85fedbe2188b95133cbe960e16f5f448860f7133330e272edbbca5893ddc6
      url: "https://pub.dev"
    source: hosted
    version: "1.5.2"
  async:
    dependency: transitive
    description:
      name: async
      sha256: "947bfcf187f74dbc5e146c9eb9c0f10c9f8b30743e341481c1e2ed3ecc18c20c"
      url: "https://pub.dev"
    source: hosted
    version: "2.11.0"
  audioplayers:
    dependency: transitive
    description:
      name: audioplayers
      sha256: c05c6147124cd63e725e861335a8b4d57300b80e6e92cea7c145c739223bbaef
      url: "https://pub.dev"
    source: hosted
    version: "5.2.1"
  audioplayers_android:
    dependency: transitive
    description:
      name: audioplayers_android
      sha256: b00e1a0e11365d88576320ec2d8c192bc21f1afb6c0e5995d1c57ae63156acb5
      url: "https://pub.dev"
    source: hosted
    version: "4.0.3"
  audioplayers_darwin:
    dependency: transitive
    description:
      name: audioplayers_darwin
      sha256: "3034e99a6df8d101da0f5082dcca0a2a99db62ab1d4ddb3277bed3f6f81afe08"
      url: "https://pub.dev"
    source: hosted
    version: "5.0.2"
  audioplayers_linux:
    dependency: transitive
    description:
      name: audioplayers_linux
      sha256: "60787e73fefc4d2e0b9c02c69885402177e818e4e27ef087074cf27c02246c9e"
      url: "https://pub.dev"
    source: hosted
    version: "3.1.0"
  audioplayers_platform_interface:
    dependency: transitive
    description:
      name: audioplayers_platform_interface
      sha256: "365c547f1bb9e77d94dd1687903a668d8f7ac3409e48e6e6a3668a1ac2982adb"
      url: "https://pub.dev"
    source: hosted
    version: "6.1.0"
  audioplayers_web:
    dependency: transitive
    description:
      name: audioplayers_web
      sha256: "22cd0173e54d92bd9b2c80b1204eb1eb159ece87475ab58c9788a70ec43c2a62"
      url: "https://pub.dev"
    source: hosted
    version: "4.1.0"
  audioplayers_windows:
    dependency: transitive
    description:
      name: audioplayers_windows
      sha256: "9536812c9103563644ada2ef45ae523806b0745f7a78e89d1b5fb1951de90e1a"
      url: "https://pub.dev"
    source: hosted
    version: "3.1.0"
  back_button_interceptor:
    dependency: transitive
    description:
      name: back_button_interceptor
      sha256: a95c096cf76c78cb07c4a84565f41a96f8fac42a37d1c41a1ec1a0bbdf69473e
      url: "https://pub.dev"
    source: hosted
    version: "7.0.2"
  boolean_selector:
    dependency: transitive
    description:
      name: boolean_selector
      sha256: "6cfb5af12253eaf2b368f07bacc5a80d1301a071c73360d746b7f2e32d762c66"
      url: "https://pub.dev"
    source: hosted
    version: "2.1.1"
  cached_network_image:
    dependency: transitive
    description:
      name: cached_network_image
      sha256: "28ea9690a8207179c319965c13cd8df184d5ee721ae2ce60f398ced1219cea1f"
      url: "https://pub.dev"
    source: hosted
    version: "3.3.1"
  cached_network_image_platform_interface:
    dependency: transitive
    description:
      name: cached_network_image_platform_interface
      sha256: "9e90e78ae72caa874a323d78fa6301b3fb8fa7ea76a8f96dc5b5bf79f283bf2f"
      url: "https://pub.dev"
    source: hosted
    version: "4.0.0"
  cached_network_image_web:
    dependency: transitive
    description:
      name: cached_network_image_web
      sha256: "42a835caa27c220d1294311ac409a43361088625a4f23c820b006dd9bffb3316"
      url: "https://pub.dev"
    source: hosted
    version: "1.1.1"
  characters:
    dependency: transitive
    description:
      name: characters
      sha256: "04a925763edad70e8443c99234dc3328f442e811f1d8fd1a72f1c8ad0f69a605"
      url: "https://pub.dev"
    source: hosted
    version: "1.3.0"
  clock:
    dependency: transitive
    description:
      name: clock
      sha256: cb6d7f03e1de671e34607e909a7213e31d7752be4fb66a86d29fe1eb14bfb5cf
      url: "https://pub.dev"
    source: hosted
    version: "1.1.1"
  cloud_firestore:
    dependency: "direct main"
    description:
      name: cloud_firestore
      sha256: e51b896f23f96c541c29171ccfbe771696cc280767d1412df1237db4effea285
      url: "https://pub.dev"
    source: hosted
    version: "4.15.5"
  cloud_firestore_platform_interface:
    dependency: transitive
    description:
      name: cloud_firestore_platform_interface
      sha256: "8c5834277519f7e68d4bdf5ae04046ede3cb98ce7e3cfced3153fb83a16d2508"
      url: "https://pub.dev"
    source: hosted
    version: "6.1.6"
  cloud_firestore_web:
    dependency: transitive
    description:
      name: cloud_firestore_web
      sha256: "4f5d9164cf9873d05573eddeec62210be0efa5e4cb047ea81253b6da25ebd9dc"
      url: "https://pub.dev"
    source: hosted
    version: "3.10.5"
  collection:
    dependency: transitive
    description:
      name: collection
      sha256: ee67cb0715911d28db6bf4af1026078bd6f0128b07a5f66fb2ed94ec6783c09a
      url: "https://pub.dev"
    source: hosted
    version: "1.18.0"
  convert:
    dependency: transitive
    description:
      name: convert
      sha256: "0f08b14755d163f6e2134cb58222dd25ea2a2ee8a195e53983d57c075324d592"
      url: "https://pub.dev"
    source: hosted
    version: "3.1.1"
  crypto:
    dependency: transitive
    description:
      name: crypto
      sha256: ff625774173754681d66daaf4a448684fb04b78f902da9cb3d308c19cc5e8bab
      url: "https://pub.dev"
    source: hosted
    version: "3.0.3"
  cupertino_icons:
    dependency: "direct main"
    description:
      name: cupertino_icons
      sha256: d57953e10f9f8327ce64a508a355f0b1ec902193f66288e8cb5070e7c47eeb2d
      url: "https://pub.dev"
    source: hosted
    version: "1.0.6"
  dbus:
    dependency: transitive
    description:
      name: dbus
      sha256: "365c771ac3b0e58845f39ec6deebc76e3276aa9922b0cc60840712094d9047ac"
      url: "https://pub.dev"
    source: hosted
    version: "0.7.10"
  encrypt:
    dependency: transitive
    description:
      name: encrypt
      sha256: "62d9aa4670cc2a8798bab89b39fc71b6dfbacf615de6cf5001fb39f7e4a996a2"
      url: "https://pub.dev"
    source: hosted
    version: "5.0.3"
  fake_async:
    dependency: transitive
    description:
      name: fake_async
      sha256: "511392330127add0b769b75a987850d136345d9227c6b94c96a04cf4a391bf78"
      url: "https://pub.dev"
    source: hosted
    version: "1.3.1"
  ffi:
    dependency: transitive
    description:
      name: ffi
      sha256: "7bf0adc28a23d395f19f3f1eb21dd7cfd1dd9f8e1c50051c069122e6853bc878"
      url: "https://pub.dev"
    source: hosted
    version: "2.1.0"
  file:
    dependency: transitive
    description:
      name: file
      sha256: "5fc22d7c25582e38ad9a8515372cd9a93834027aacf1801cf01164dac0ffa08c"
      url: "https://pub.dev"
    source: hosted
    version: "7.0.0"
  file_picker:
    dependency: transitive
    description:
      name: file_picker
      sha256: caa6bc229eab3e32eb2f37b53a5f9d22a6981474afd210c512a7546c1e1a04f6
      url: "https://pub.dev"
    source: hosted
    version: "6.2.0"
  firebase_auth:
    dependency: "direct main"
    description:
      name: firebase_auth
      sha256: "549f8ceb8cfc1920f85dea0ab73fb7dc209ee8182916b252eda342786c33369d"
      url: "https://pub.dev"
    source: hosted
    version: "4.17.4"
  firebase_auth_platform_interface:
    dependency: transitive
    description:
      name: firebase_auth_platform_interface
      sha256: dba259dee045b706112c3d7619b01c2ad338d86cc492df52dd2073584a64de66
      url: "https://pub.dev"
    source: hosted
    version: "7.1.5"
  firebase_auth_web:
    dependency: transitive
    description:
      name: firebase_auth_web
      sha256: d2266452698dd5f6e522408dacfa06bb7f9703b5bdd11498fce2812ded50805b
      url: "https://pub.dev"
    source: hosted
    version: "5.9.4"
  firebase_core:
    dependency: "direct main"
    description:
      name: firebase_core
      sha256: "7e049e32a9d347616edb39542cf92cd53fdb4a99fb6af0a0bff327c14cd76445"
      url: "https://pub.dev"
    source: hosted
    version: "2.25.4"
  firebase_core_platform_interface:
    dependency: transitive
    description:
      name: firebase_core_platform_interface
      sha256: c437ae5d17e6b5cc7981cf6fd458a5db4d12979905f9aafd1fea930428a9fe63
      url: "https://pub.dev"
    source: hosted
    version: "5.0.0"
  firebase_core_web:
    dependency: transitive
    description:
      name: firebase_core_web
      sha256: "57e61d6010e253b36d38191cefd6199d7849152cdcd234b61ca290cdb278a0ba"
      url: "https://pub.dev"
    source: hosted
    version: "2.11.4"
  firebase_messaging:
    dependency: "direct main"
    description:
      name: firebase_messaging
      sha256: "799922b57d09fe89b5634be2a7fea66a2683eb1a02502c71fe90c212240f89ef"
      url: "https://pub.dev"
    source: hosted
    version: "14.7.16"
  firebase_messaging_platform_interface:
    dependency: transitive
    description:
      name: firebase_messaging_platform_interface
      sha256: "789a3b26097e2bdad15a407dc552d6af74287b477ceb4aa6ec0d8aa967caf9e5"
      url: "https://pub.dev"
    source: hosted
    version: "4.5.24"
  firebase_messaging_web:
    dependency: transitive
    description:
      name: firebase_messaging_web
      sha256: "156a83d281bbcc92b17496f323c747802287520aece51a893a5fdb8078bccbe7"
      url: "https://pub.dev"
    source: hosted
    version: "3.6.5"
  fixnum:
    dependency: transitive
    description:
      name: fixnum
      sha256: "25517a4deb0c03aa0f32fd12db525856438902d9c16536311e76cdc57b31d7d1"
      url: "https://pub.dev"
    source: hosted
    version: "1.1.0"
  flutter:
    dependency: "direct main"
    description: flutter
    source: sdk
    version: "0.0.0"
  flutter_cache_manager:
    dependency: transitive
    description:
      name: flutter_cache_manager
      sha256: "8207f27539deb83732fdda03e259349046a39a4c767269285f449ade355d54ba"
      url: "https://pub.dev"
    source: hosted
    version: "3.3.1"
  flutter_callkit_incoming_yoer:
    dependency: transitive
    description:
      name: flutter_callkit_incoming_yoer
      sha256: "0a8f1a45c29341082b572c16e02f882c2f61f2ea08b93bb86ca80aa827f526f9"
      url: "https://pub.dev"
    source: hosted
    version: "2.0.1+2"
  flutter_easyloading:
    dependency: "direct main"
    description:
      name: flutter_easyloading
      sha256: ba21a3c883544e582f9cc455a4a0907556714e1e9cf0eababfcb600da191d17c
      url: "https://pub.dev"
    source: hosted
    version: "3.0.5"
  flutter_keyboard_visibility:
    dependency: "direct main"
    description:
      name: flutter_keyboard_visibility
      sha256: "98664be7be0e3ffca00de50f7f6a287ab62c763fc8c762e0a21584584a3ff4f8"
      url: "https://pub.dev"
    source: hosted
    version: "6.0.0"
  flutter_keyboard_visibility_linux:
    dependency: transitive
    description:
      name: flutter_keyboard_visibility_linux
      sha256: "6fba7cd9bb033b6ddd8c2beb4c99ad02d728f1e6e6d9b9446667398b2ac39f08"
      url: "https://pub.dev"
    source: hosted
    version: "1.0.0"
  flutter_keyboard_visibility_macos:
    dependency: transitive
    description:
      name: flutter_keyboard_visibility_macos
      sha256: c5c49b16fff453dfdafdc16f26bdd8fb8d55812a1d50b0ce25fc8d9f2e53d086
      url: "https://pub.dev"
    source: hosted
    version: "1.0.0"
  flutter_keyboard_visibility_platform_interface:
    dependency: transitive
    description:
      name: flutter_keyboard_visibility_platform_interface
      sha256: e43a89845873f7be10cb3884345ceb9aebf00a659f479d1c8f4293fcb37022a4
      url: "https://pub.dev"
    source: hosted
    version: "2.0.0"
  flutter_keyboard_visibility_web:
    dependency: transitive
    description:
      name: flutter_keyboard_visibility_web
      sha256: d3771a2e752880c79203f8d80658401d0c998e4183edca05a149f5098ce6e3d1
      url: "https://pub.dev"
    source: hosted
    version: "2.0.0"
  flutter_keyboard_visibility_windows:
    dependency: transitive
    description:
      name: flutter_keyboard_visibility_windows
      sha256: fc4b0f0b6be9b93ae527f3d527fb56ee2d918cd88bbca438c478af7bcfd0ef73
      url: "https://pub.dev"
    source: hosted
    version: "1.0.0"
  flutter_lints:
    dependency: "direct dev"
    description:
      name: flutter_lints
      sha256: a25a15ebbdfc33ab1cd26c63a6ee519df92338a9c10f122adda92938253bef04
      url: "https://pub.dev"
    source: hosted
    version: "2.0.3"
  flutter_logs:
    dependency: transitive
    description:
      name: flutter_logs
      sha256: "0fb84868b02e5880a1488f5282a4e193a1293280b85be7a56e58f29c0d1e6bea"
      url: "https://pub.dev"
    source: hosted
    version: "2.1.11"
  flutter_plugin_android_lifecycle:
    dependency: transitive
    description:
      name: flutter_plugin_android_lifecycle
      sha256: b068ffc46f82a55844acfa4fdbb61fad72fa2aef0905548419d97f0f95c456da
      url: "https://pub.dev"
    source: hosted
    version: "2.0.17"
  flutter_spinkit:
    dependency: transitive
    description:
      name: flutter_spinkit
      sha256: b39c753e909d4796906c5696a14daf33639a76e017136c8d82bf3e620ce5bb8e
      url: "https://pub.dev"
    source: hosted
    version: "5.2.0"
  flutter_test:
    dependency: "direct dev"
    description: flutter
    source: sdk
    version: "0.0.0"
  flutter_vibrate:
    dependency: transitive
    description:
      name: flutter_vibrate
      sha256: "9cc9b32cf52c90dd34c1cf396ed40010b2c74e69adbb0ff16005afa900971ad8"
      url: "https://pub.dev"
    source: hosted
    version: "1.3.0"
  flutter_web_plugins:
    dependency: transitive
    description: flutter
    source: sdk
    version: "0.0.0"
  get:
    dependency: "direct main"
    description:
      name: get
      sha256: e4e7335ede17452b391ed3b2ede016545706c01a02292a6c97619705e7d2a85e
      url: "https://pub.dev"
    source: hosted
    version: "4.6.6"
  google_fonts:
    dependency: "direct main"
    description:
      name: google_fonts
      sha256: f0b8d115a13ecf827013ec9fc883390ccc0e87a96ed5347a3114cac177ef18e8
      url: "https://pub.dev"
    source: hosted
    version: "6.1.0"
  google_identity_services_web:
    dependency: transitive
    description:
      name: google_identity_services_web
      sha256: "0c56c2c5d60d6dfaf9725f5ad4699f04749fb196ee5a70487a46ef184837ccf6"
      url: "https://pub.dev"
    source: hosted
    version: "0.3.0+2"
  google_sign_in:
    dependency: "direct main"
    description:
      name: google_sign_in
      sha256: "0b8787cb9c1a68ad398e8010e8c8766bfa33556d2ab97c439fb4137756d7308f"
      url: "https://pub.dev"
    source: hosted
    version: "6.2.1"
  google_sign_in_android:
    dependency: transitive
    description:
      name: google_sign_in_android
      sha256: bfd42c81c30c6faba16e0f62968d5505a87504aaa672b3155ee931461abb0a49
      url: "https://pub.dev"
    source: hosted
    version: "6.1.21"
  google_sign_in_ios:
    dependency: transitive
    description:
      name: google_sign_in_ios
      sha256: a7d653803468d30b82ceb47ea00fe86d23c56e63eb2e5c2248bb68e9df203217
      url: "https://pub.dev"
    source: hosted
    version: "5.7.4"
  google_sign_in_platform_interface:
    dependency: transitive
    description:
      name: google_sign_in_platform_interface
      sha256: "1f6e5787d7a120cc0359ddf315c92309069171306242e181c09472d1b00a2971"
      url: "https://pub.dev"
    source: hosted
    version: "2.4.5"
  google_sign_in_web:
    dependency: transitive
    description:
      name: google_sign_in_web
      sha256: a278ea2d01013faf341cbb093da880d0f2a552bbd1cb6ee90b5bebac9ba69d77
      url: "https://pub.dev"
    source: hosted
    version: "0.12.3+2"
  http:
    dependency: transitive
    description:
      name: http
      sha256: a2bbf9d017fcced29139daa8ed2bba4ece450ab222871df93ca9eec6f80c34ba
      url: "https://pub.dev"
    source: hosted
    version: "1.2.0"
  http_parser:
    dependency: transitive
    description:
      name: http_parser
      sha256: "2aa08ce0341cc9b354a498388e30986515406668dbcc4f7c950c3e715496693b"
      url: "https://pub.dev"
    source: hosted
    version: "4.0.2"
  is_lock_screen2:
    dependency: transitive
    description:
      name: is_lock_screen2
      sha256: "1e863afcddc2055a786ed7004492a24b88f98378c9c47e20ed5506cf447d4cb1"
      url: "https://pub.dev"
    source: hosted
    version: "2.0.1"
  js:
    dependency: transitive
    description:
      name: js
      sha256: f2c445dce49627136094980615a031419f7f3eb393237e4ecd97ac15dea343f3
      url: "https://pub.dev"
    source: hosted
    version: "0.6.7"
  json_annotation:
    dependency: transitive
    description:
      name: json_annotation
      sha256: b10a7b2ff83d83c777edba3c6a0f97045ddadd56c944e1a23a3fdf43a1bf4467
      url: "https://pub.dev"
    source: hosted
    version: "4.8.1"
  lints:
    dependency: transitive
    description:
      name: lints
      sha256: "0a217c6c989d21039f1498c3ed9f3ed71b354e69873f13a8dfc3c9fe76f1b452"
      url: "https://pub.dev"
    source: hosted
    version: "2.1.1"
  loader_overlay:
    dependency: "direct main"
    description:
      name: loader_overlay
      sha256: "02deeeed0d4eaaeeada6ce7bb13426d7548acad1f71e4884ec4a010e0e4824d6"
      url: "https://pub.dev"
    source: hosted
    version: "4.0.0"
  matcher:
    dependency: transitive
    description:
      name: matcher
      sha256: "1803e76e6653768d64ed8ff2e1e67bea3ad4b923eb5c56a295c3e634bad5960e"
      url: "https://pub.dev"
    source: hosted
    version: "0.12.16"
  material_color_utilities:
    dependency: transitive
    description:
      name: material_color_utilities
      sha256: "9528f2f296073ff54cb9fee677df673ace1218163c3bc7628093e7eed5203d41"
      url: "https://pub.dev"
    source: hosted
    version: "0.5.0"
  meta:
    dependency: transitive
    description:
      name: meta
      sha256: a6e590c838b18133bb482a2745ad77c5bb7715fb0451209e1a7567d416678b8e
      url: "https://pub.dev"
    source: hosted
    version: "1.10.0"
  native_device_orientation:
    dependency: transitive
    description:
      name: native_device_orientation
      sha256: "744a03030fad5a332a54833cd34f1e2ee51ae9acf477b4ef85bacc8823af9937"
      url: "https://pub.dev"
    source: hosted
    version: "1.2.1"
  octo_image:
    dependency: transitive
    description:
      name: octo_image
      sha256: "45b40f99622f11901238e18d48f5f12ea36426d8eced9f4cbf58479c7aa2430d"
      url: "https://pub.dev"
    source: hosted
    version: "2.0.0"
  package_info_plus:
    dependency: transitive
    description:
      name: package_info_plus
      sha256: "88bc797f44a94814f2213db1c9bd5badebafdfb8290ca9f78d4b9ee2a3db4d79"
      url: "https://pub.dev"
    source: hosted
    version: "5.0.1"
  package_info_plus_platform_interface:
    dependency: transitive
    description:
      name: package_info_plus_platform_interface
      sha256: "9bc8ba46813a4cc42c66ab781470711781940780fd8beddd0c3da62506d3a6c6"
      url: "https://pub.dev"
    source: hosted
    version: "2.0.1"
  path:
    dependency: transitive
    description:
      name: path
      sha256: "8829d8a55c13fc0e37127c29fedf290c102f4e40ae94ada574091fe0ff96c917"
      url: "https://pub.dev"
    source: hosted
    version: "1.8.3"
  path_provider:
    dependency: transitive
    description:
      name: path_provider
      sha256: b27217933eeeba8ff24845c34003b003b2b22151de3c908d0e679e8fe1aa078b
      url: "https://pub.dev"
    source: hosted
    version: "2.1.2"
  path_provider_android:
    dependency: transitive
    description:
      name: path_provider_android
      sha256: "477184d672607c0a3bf68fbbf601805f92ef79c82b64b4d6eb318cbca4c48668"
      url: "https://pub.dev"
    source: hosted
    version: "2.2.2"
  path_provider_foundation:
    dependency: transitive
    description:
      name: path_provider_foundation
      sha256: "5a7999be66e000916500be4f15a3633ebceb8302719b47b9cc49ce924125350f"
      url: "https://pub.dev"
    source: hosted
    version: "2.3.2"
  path_provider_linux:
    dependency: transitive
    description:
      name: path_provider_linux
      sha256: f7a1fe3a634fe7734c8d3f2766ad746ae2a2884abe22e241a8b301bf5cac3279
      url: "https://pub.dev"
    source: hosted
    version: "2.2.1"
  path_provider_platform_interface:
    dependency: transitive
    description:
      name: path_provider_platform_interface
      sha256: "88f5779f72ba699763fa3a3b06aa4bf6de76c8e5de842cf6f29e2e06476c2334"
      url: "https://pub.dev"
    source: hosted
    version: "2.1.2"
  path_provider_windows:
    dependency: transitive
    description:
      name: path_provider_windows
      sha256: "8bc9f22eee8690981c22aa7fc602f5c85b497a6fb2ceb35ee5a5e5ed85ad8170"
      url: "https://pub.dev"
    source: hosted
    version: "2.2.1"
  permission_handler:
    dependency: transitive
    description:
      name: permission_handler
      sha256: "74e962b7fad7ff75959161bb2c0ad8fe7f2568ee82621c9c2660b751146bfe44"
      url: "https://pub.dev"
    source: hosted
    version: "11.3.0"
  permission_handler_android:
    dependency: transitive
    description:
      name: permission_handler_android
      sha256: "1acac6bae58144b442f11e66621c062aead9c99841093c38f5bcdcc24c1c3474"
      url: "https://pub.dev"
    source: hosted
    version: "12.0.5"
  permission_handler_apple:
    dependency: transitive
    description:
      name: permission_handler_apple
      sha256: bdafc6db74253abb63907f4e357302e6bb786ab41465e8635f362ee71fd8707b
      url: "https://pub.dev"
    source: hosted
    version: "9.4.0"
  permission_handler_html:
    dependency: transitive
    description:
      name: permission_handler_html
      sha256: "54bf176b90f6eddd4ece307e2c06cf977fb3973719c35a93b85cc7093eb6070d"
      url: "https://pub.dev"
    source: hosted
    version: "0.1.1"
  permission_handler_platform_interface:
    dependency: transitive
    description:
      name: permission_handler_platform_interface
      sha256: "23dfba8447c076ab5be3dee9ceb66aad345c4a648f0cac292c77b1eb0e800b78"
      url: "https://pub.dev"
    source: hosted
    version: "4.2.0"
  permission_handler_windows:
    dependency: transitive
    description:
      name: permission_handler_windows
      sha256: "1a790728016f79a41216d88672dbc5df30e686e811ad4e698bfc51f76ad91f1e"
      url: "https://pub.dev"
    source: hosted
    version: "0.2.1"
  petitparser:
    dependency: transitive
    description:
      name: petitparser
      sha256: c15605cd28af66339f8eb6fbe0e541bfe2d1b72d5825efc6598f3e0a31b9ad27
      url: "https://pub.dev"
    source: hosted
    version: "6.0.2"
  platform:
    dependency: transitive
    description:
      name: platform
      sha256: "12220bb4b65720483f8fa9450b4332347737cf8213dd2840d8b2c823e47243ec"
      url: "https://pub.dev"
    source: hosted
    version: "3.1.4"
  plugin_platform_interface:
    dependency: transitive
    description:
      name: plugin_platform_interface
      sha256: "4820fbfdb9478b1ebae27888254d445073732dae3d6ea81f0b7e06d5dedc3f02"
      url: "https://pub.dev"
    source: hosted
    version: "2.1.8"
  pointycastle:
    dependency: transitive
    description:
      name: pointycastle
      sha256: "43ac87de6e10afabc85c445745a7b799e04de84cebaa4fd7bf55a5e1e9604d29"
      url: "https://pub.dev"
    source: hosted
    version: "3.7.4"
  rflutter_alert:
    dependency: "direct main"
    description:
      name: rflutter_alert
      sha256: "8ff35e3f9712ba24c746499cfa95bf320385edf38901a1a4eab0fe555867f66c"
      url: "https://pub.dev"
    source: hosted
    version: "2.0.7"
  rxdart:
    dependency: transitive
    description:
      name: rxdart
      sha256: "0c7c0cedd93788d996e33041ffecda924cc54389199cde4e6a34b440f50044cb"
      url: "https://pub.dev"
    source: hosted
    version: "0.27.7"
  shared_preferences:
    dependency: transitive
    description:
      name: shared_preferences
      sha256: "81429e4481e1ccfb51ede496e916348668fd0921627779233bd24cc3ff6abd02"
      url: "https://pub.dev"
    source: hosted
    version: "2.2.2"
  shared_preferences_android:
    dependency: transitive
    description:
      name: shared_preferences_android
      sha256: "8568a389334b6e83415b6aae55378e158fbc2314e074983362d20c562780fb06"
      url: "https://pub.dev"
    source: hosted
    version: "2.2.1"
  shared_preferences_foundation:
    dependency: transitive
    description:
      name: shared_preferences_foundation
      sha256: "7708d83064f38060c7b39db12aefe449cb8cdc031d6062280087bc4cdb988f5c"
      url: "https://pub.dev"
    source: hosted
    version: "2.3.5"
  shared_preferences_linux:
    dependency: transitive
    description:
      name: shared_preferences_linux
      sha256: "9f2cbcf46d4270ea8be39fa156d86379077c8a5228d9dfdb1164ae0bb93f1faa"
      url: "https://pub.dev"
    source: hosted
    version: "2.3.2"
  shared_preferences_platform_interface:
    dependency: transitive
    description:
      name: shared_preferences_platform_interface
      sha256: "22e2ecac9419b4246d7c22bfbbda589e3acf5c0351137d87dd2939d984d37c3b"
      url: "https://pub.dev"
    source: hosted
    version: "2.3.2"
  shared_preferences_web:
    dependency: transitive
    description:
      name: shared_preferences_web
      sha256: "7b15ffb9387ea3e237bb7a66b8a23d2147663d391cafc5c8f37b2e7b4bde5d21"
      url: "https://pub.dev"
    source: hosted
    version: "2.2.2"
  shared_preferences_windows:
    dependency: transitive
    description:
      name: shared_preferences_windows
      sha256: "841ad54f3c8381c480d0c9b508b89a34036f512482c407e6df7a9c4aa2ef8f59"
      url: "https://pub.dev"
    source: hosted
    version: "2.3.2"
  sky_engine:
    dependency: transitive
    description: flutter
    source: sdk
    version: "0.0.99"
  source_span:
    dependency: transitive
    description:
      name: source_span
      sha256: "53e943d4206a5e30df338fd4c6e7a077e02254531b138a15aec3bd143c1a8b3c"
      url: "https://pub.dev"
    source: hosted
    version: "1.10.0"
  sprintf:
    dependency: transitive
    description:
      name: sprintf
      sha256: "1fc9ffe69d4df602376b52949af107d8f5703b77cda567c4d7d86a0693120f23"
      url: "https://pub.dev"
    source: hosted
    version: "7.0.0"
  sqflite:
    dependency: transitive
    description:
      name: sqflite
      sha256: a9016f495c927cb90557c909ff26a6d92d9bd54fc42ba92e19d4e79d61e798c6
      url: "https://pub.dev"
    source: hosted
    version: "2.3.2"
  sqflite_common:
    dependency: transitive
    description:
      name: sqflite_common
      sha256: "28d8c66baee4968519fb8bd6cdbedad982d6e53359091f0b74544a9f32ec72d5"
      url: "https://pub.dev"
    source: hosted
    version: "2.5.3"
  stack_trace:
    dependency: transitive
    description:
      name: stack_trace
      sha256: "73713990125a6d93122541237550ee3352a2d84baad52d375a4cad2eb9b7ce0b"
      url: "https://pub.dev"
    source: hosted
    version: "1.11.1"
  statemachine:
    dependency: transitive
    description:
      name: statemachine
      sha256: "42ce52468879383c60d4983526114d91282b8b0c36657bc7d58be88975a02982"
      url: "https://pub.dev"
    source: hosted
    version: "3.3.1"
  stream_channel:
    dependency: transitive
    description:
      name: stream_channel
      sha256: ba2aa5d8cc609d96bbb2899c28934f9e1af5cddbd60a827822ea467161eb54e7
      url: "https://pub.dev"
    source: hosted
    version: "2.1.2"
  string_scanner:
    dependency: transitive
    description:
      name: string_scanner
      sha256: "556692adab6cfa87322a115640c11f13cb77b3f076ddcc5d6ae3c20242bedcde"
      url: "https://pub.dev"
    source: hosted
    version: "1.2.0"
  synchronized:
    dependency: transitive
    description:
      name: synchronized
      sha256: "539ef412b170d65ecdafd780f924e5be3f60032a1128df156adad6c5b373d558"
      url: "https://pub.dev"
    source: hosted
    version: "3.1.0+1"
  term_glyph:
    dependency: transitive
    description:
      name: term_glyph
      sha256: a29248a84fbb7c79282b40b8c72a1209db169a2e0542bce341da992fe1bc7e84
      url: "https://pub.dev"
    source: hosted
    version: "1.2.1"
  test_api:
    dependency: transitive
    description:
      name: test_api
      sha256: "5c2f730018264d276c20e4f1503fd1308dfbbae39ec8ee63c5236311ac06954b"
      url: "https://pub.dev"
    source: hosted
    version: "0.6.1"
  typed_data:
    dependency: transitive
    description:
      name: typed_data
      sha256: facc8d6582f16042dd49f2463ff1bd6e2c9ef9f3d5da3d9b087e244a7b564b3c
      url: "https://pub.dev"
    source: hosted
    version: "1.3.2"
  universal_io:
    dependency: transitive
    description:
      name: universal_io
      sha256: "1722b2dcc462b4b2f3ee7d188dad008b6eb4c40bbd03a3de451d82c78bba9aad"
      url: "https://pub.dev"
    source: hosted
    version: "2.2.2"
  uuid:
    dependency: transitive
    description:
      name: uuid
      sha256: cd210a09f7c18cbe5a02511718e0334de6559871052c90a90c0cca46a4aa81c8
      url: "https://pub.dev"
    source: hosted
    version: "4.3.3"
  vector_math:
    dependency: transitive
    description:
      name: vector_math
      sha256: "80b3257d1492ce4d091729e3a67a60407d227c27241d6927be0130c98e741803"
      url: "https://pub.dev"
    source: hosted
    version: "2.1.4"
  wakelock_plus:
    dependency: transitive
    description:
      name: wakelock_plus
      sha256: f268ca2116db22e57577fb99d52515a24bdc1d570f12ac18bb762361d43b043d
      url: "https://pub.dev"
    source: hosted
    version: "1.1.4"
  wakelock_plus_platform_interface:
    dependency: transitive
    description:
      name: wakelock_plus_platform_interface
      sha256: "40fabed5da06caff0796dc638e1f07ee395fb18801fbff3255a2372db2d80385"
      url: "https://pub.dev"
    source: hosted
    version: "1.1.0"
  web:
    dependency: transitive
    description:
      name: web
      sha256: afe077240a270dcfd2aafe77602b4113645af95d0ad31128cc02bce5ac5d5152
      url: "https://pub.dev"
    source: hosted
    version: "0.3.0"
  win32:
    dependency: transitive
    description:
      name: win32
      sha256: "464f5674532865248444b4c3daca12bd9bf2d7c47f759ce2617986e7229494a8"
      url: "https://pub.dev"
    source: hosted
    version: "5.2.0"
  xdg_directories:
    dependency: transitive
    description:
      name: xdg_directories
      sha256: faea9dee56b520b55a566385b84f2e8de55e7496104adada9962e0bd11bcff1d
      url: "https://pub.dev"
    source: hosted
    version: "1.0.4"
  xml:
    dependency: transitive
    description:
      name: xml
      sha256: b015a8ad1c488f66851d762d3090a21c600e479dc75e68328c52774040cf9226
      url: "https://pub.dev"
    source: hosted
    version: "6.5.0"
  zego_callkit:
    dependency: transitive
    description:
      name: zego_callkit
      sha256: "02b090716fad750fb01b58e75b75e420e8dbf85e44a2c0ecc11f350f902ab689"
      url: "https://pub.dev"
    source: hosted
    version: "1.0.0+2"
  zego_express_engine:
    dependency: "direct main"
    description:
      name: zego_express_engine
      sha256: "793b6baf2a7ffa21cfe34a3e51925a12165bd258081adb8d7a9be2c1e2bd9129"
      url: "https://pub.dev"
    source: hosted
    version: "3.12.5"
  zego_plugin_adapter:
    dependency: transitive
    description:
      name: zego_plugin_adapter
      sha256: "6d03a2038eef9dbdd5bac1744fd18c02c54b3160c45f8b20820c46af146499c9"
      url: "https://pub.dev"
    source: hosted
    version: "2.11.4"
  zego_uikit:
    dependency: transitive
    description:
      name: zego_uikit
      sha256: "6ed02130044c0d56c59d4ec3870045b4323e8373cba2053b4046574622161121"
      url: "https://pub.dev"
    source: hosted
    version: "2.18.8"
  zego_uikit_prebuilt_call:
    dependency: "direct main"
    description:
      name: zego_uikit_prebuilt_call
      sha256: "1688fb72c60399df158991d2c0f237cc3399a06afd72bf9632132ab2c4c039ef"
      url: "https://pub.dev"
    source: hosted
    version: "4.4.1"
  zego_uikit_signaling_plugin:
    dependency: "direct main"
    description:
      name: zego_uikit_signaling_plugin
      sha256: "2f6fb396b707971324558edb82bfcf9589dc7bd0480a5a33341d89239bc7702b"
      url: "https://pub.dev"
    source: hosted
    version: "2.7.6"
  zego_zim:
    dependency: transitive
    description:
      name: zego_zim
      sha256: "37a0480b42e12b2e23ab839adba9084295ab4c407f6f4adb342a923c123ff607"
      url: "https://pub.dev"
    source: hosted
    version: "2.13.1"
  zego_zpns:
    dependency: transitive
    description:
      name: zego_zpns
      sha256: aa36973378588a3bac860ca88bcbb77ecc5dde491d0cb72f599fa1c27850deb0
      url: "https://pub.dev"
    source: hosted
    version: "2.6.0+1"
sdks:
  dart: ">=3.2.6 <4.0.0"
  flutter: ">=3.16.6"
